// !$*UTF8*$!
{
	archiveVersion = 1;
	classes = {
	};
	objectVersion = 77;
	objects = {

/* Begin PBXBuildFile section */
		0141902E074D2DC824F67657 /* AssistantEvalSuite.swift in Sources */ = {isa = PBXBuildFile; fileRef = 1A034C64C28551C3820F71DA /* AssistantEvalSuite.swift */; };
		0147052B6A2B6307D2E46E3C /* PremiumStore.swift in Sources */ = {isa = PBXBuildFile; fileRef = D138EB0CC718D6FE746AF260 /* PremiumStore.swift */; };
		06469BBEA5BEC789C6FE574D /* ToolRegistry.swift in Sources */ = {isa = PBXBuildFile; fileRef = 9DE2931AA63D4E608A00E676 /* ToolRegistry.swift */; };
		068FBED0FA1B869E91B62681 /* ConversationProfile.swift in Sources */ = {isa = PBXBuildFile; fileRef = B706FDD3E607463C9224D89B /* ConversationProfile.swift */; };
		1F0977F7CABADF1503CB307A /* ContentView.swift in Sources */ = {isa = PBXBuildFile; fileRef = 35D62C42C025EA7912CFF662 /* ContentView.swift */; };
		1F6E4D03C748F935880D78F6 /* MemoryKit.framework in Frameworks */ = {isa = PBXBuildFile; fileRef = 7374F0210736A431E392F671 /* MemoryKit.framework */; };
		207F3FC85CA47CFF975A8A80 /* ConversationEngine.swift in Sources */ = {isa = PBXBuildFile; fileRef = 6EA28655E25C6F6ECCE4E1B7 /* ConversationEngine.swift */; };
		2083C569E482E4A3D79891F3 /* PersonaStore.swift in Sources */ = {isa = PBXBuildFile; fileRef = 3FF1DEF61245808B425F6E28 /* PersonaStore.swift */; };
		21E007089BC1D5A3DA4CB997 /* OnboardingView.swift in Sources */ = {isa = PBXBuildFile; fileRef = 6FD6A47AFC72C0C4FD274C80 /* OnboardingView.swift */; };
		22735BFC8FC343E992968CA2 /* MemoryManager.swift in Sources */ = {isa = PBXBuildFile; fileRef = 559763846856BD48B01396BC /* MemoryManager.swift */; };
		260E535B26AC8F13D236AFE1 /* MemoryKit.framework in Frameworks */ = {isa = PBXBuildFile; fileRef = 7374F0210736A431E392F671 /* MemoryKit.framework */; };
		31B6E1857C0F3650585A9D65 /* ModelTier.swift in Sources */ = {isa = PBXBuildFile; fileRef = 78F31C119B78BC69146DEE64 /* ModelTier.swift */; };
		36724CF2CDCA624A1AF8268B /* CalendarTools.swift in Sources */ = {isa = PBXBuildFile; fileRef = E6466298D6F12635D4270657 /* CalendarTools.swift */; };
		37D2FF39BF6F01DA36B3EBFC /* MemoryKit.framework in Frameworks */ = {isa = PBXBuildFile; fileRef = 7374F0210736A431E392F671 /* MemoryKit.framework */; };
		4C0BC1F22CB3D50FEB7A6FA7 /* SkillStore.swift in Sources */ = {isa = PBXBuildFile; fileRef = 8865980473A5AD8C7E5773CA /* SkillStore.swift */; };
		502296DFE1EFB0C770F755D0 /* DraftTypes.swift in Sources */ = {isa = PBXBuildFile; fileRef = 5FEDAE18D6BC16ABB7271BE1 /* DraftTypes.swift */; };
		504D596434346B4CBDB3CCD7 /* EvalHarness.framework in Frameworks */ = {isa = PBXBuildFile; fileRef = EA74FFB4B7315253FB1C2F96 /* EvalHarness.framework */; };
		5325CBC3088A6434301EE9B1 /* RoutingSettingsView.swift in Sources */ = {isa = PBXBuildFile; fileRef = 0B4DCA76459BF223EDBA7EA7 /* RoutingSettingsView.swift */; };
		5799B309266857338997F843 /* EvalHarness.framework in Embed Frameworks */ = {isa = PBXBuildFile; fileRef = EA74FFB4B7315253FB1C2F96 /* EvalHarness.framework */; settings = {ATTRIBUTES = (CodeSignOnCopy, RemoveHeadersOnCopy, ); }; };
		582482A3CAE06854E93B341D /* WebFetchTool.swift in Sources */ = {isa = PBXBuildFile; fileRef = 205842AFA2F9DACDDDDE932D /* WebFetchTool.swift */; };
		5B34EA4BCFD20955A0BFB316 /* UsageMetrics.swift in Sources */ = {isa = PBXBuildFile; fileRef = 7850237C25DCDDF464370573 /* UsageMetrics.swift */; };
		61824CCEB1327123B08A577E /* ToolsKit.framework in Embed Frameworks */ = {isa = PBXBuildFile; fileRef = 74FC336A982943CC2815DF3C /* ToolsKit.framework */; settings = {ATTRIBUTES = (CodeSignOnCopy, RemoveHeadersOnCopy, ); }; };
		647D53E4BD01F58B8E201F89 /* ModelRouter.swift in Sources */ = {isa = PBXBuildFile; fileRef = 094F14CD4146D59CEA808105 /* ModelRouter.swift */; };
		656705E9D430DECABEB5324D /* EvalRunner.swift in Sources */ = {isa = PBXBuildFile; fileRef = 3A5EA6C48032EDE78AF43951 /* EvalRunner.swift */; };
		68801FE8D9F37525390F60B9 /* ImageProcessor.swift in Sources */ = {isa = PBXBuildFile; fileRef = 3E23085DAFD011462E33D3B6 /* ImageProcessor.swift */; };
		68E69D0C3B0AB6298A23BDD3 /* LLMChatApp.swift in Sources */ = {isa = PBXBuildFile; fileRef = 3DF0D4C312727CEAFC13B19F /* LLMChatApp.swift */; };
		6A1D396D77C24026A646473A /* PersonaDraft.swift in Sources */ = {isa = PBXBuildFile; fileRef = C789FD8FBE13440E16D08E8F /* PersonaDraft.swift */; };
		6C1035F8DF9950AD9FA98546 /* SkillsView.swift in Sources */ = {isa = PBXBuildFile; fileRef = 881C4D8AE910FC8FBF159718 /* SkillsView.swift */; };
		6D16554E6D691EE4836332A6 /* ChatViewModel.swift in Sources */ = {isa = PBXBuildFile; fileRef = 1FE7ABD865A5894C5F7C3273 /* ChatViewModel.swift */; };
		6D790A2A283F244DE5616837 /* PreferenceChoiceCard.swift in Sources */ = {isa = PBXBuildFile; fileRef = 0DCE86A48F783D6E02282D3D /* PreferenceChoiceCard.swift */; };
		6D9D9F266C37EF47D19D074B /* SkillCatalog.swift in Sources */ = {isa = PBXBuildFile; fileRef = 3E0AC38F8780A5FCA011BF14 /* SkillCatalog.swift */; };
		6F1406D57BDCE04A682B8FD4 /* Models.swift in Sources */ = {isa = PBXBuildFile; fileRef = 2964EA16E28BA04FE9549FBB /* Models.swift */; };
		70179867A614F13D97C8B5C5 /* SkillIntents.swift in Sources */ = {isa = PBXBuildFile; fileRef = 9A1591AB7DA8D096EC65A95A /* SkillIntents.swift */; };
		736888E62153B5473DB37509 /* ToolSelector.swift in Sources */ = {isa = PBXBuildFile; fileRef = 50FC89719021A5B406A70279 /* ToolSelector.swift */; };
		84AEA1380C1CF02D6D664DCD /* ContextBudget.swift in Sources */ = {isa = PBXBuildFile; fileRef = 77C576B3488C16291972AEEC /* ContextBudget.swift */; };
		8734057AA6211846201DB4BE /* SkillRunner.swift in Sources */ = {isa = PBXBuildFile; fileRef = DFD228B4A0C317161851391B /* SkillRunner.swift */; };
		8872AD55B2F00B7271CE09E2 /* ContactsTool.swift in Sources */ = {isa = PBXBuildFile; fileRef = 566A7748D0286FAC23F69755 /* ContactsTool.swift */; };
		89D0EB0ADF95E0F63074E826 /* ProactivityStore.swift in Sources */ = {isa = PBXBuildFile; fileRef = 0720253F303425A60BE73EFB /* ProactivityStore.swift */; };
		8D75D605B9A2E0B019BE1B9D /* ProactivityScheduler.swift in Sources */ = {isa = PBXBuildFile; fileRef = 60FE360A718E37717EC206C2 /* ProactivityScheduler.swift */; };
		8ED610934D81990B8E50D6F9 /* RoutingPolicy.swift in Sources */ = {isa = PBXBuildFile; fileRef = 3DB5F654BEA114600C3A9BEE /* RoutingPolicy.swift */; };
		9105D5C94FD880081282F1A9 /* ChatView.swift in Sources */ = {isa = PBXBuildFile; fileRef = 2CE325E3670F83EE66B8B6C9 /* ChatView.swift */; };
		9872DA46C504414EBF883183 /* MemoryKit.framework in Frameworks */ = {isa = PBXBuildFile; fileRef = 7374F0210736A431E392F671 /* MemoryKit.framework */; };
		9A0B37BBCA4909689C90021A /* BriefingService.swift in Sources */ = {isa = PBXBuildFile; fileRef = 0F3DD112A65416B7DB4D601F /* BriefingService.swift */; };
		9E03557AB7434CC184902B9C /* AgentKit.framework in Frameworks */ = {isa = PBXBuildFile; fileRef = AE4653B800CB998C08A93506 /* AgentKit.framework */; };
		9F78A3207C4784BE32E03995 /* PersonaView.swift in Sources */ = {isa = PBXBuildFile; fileRef = CF27CC62DCA71C68436E743B /* PersonaView.swift */; };
		A1CC858DFBDE8B5891DDF24D /* MemoryKit.framework in Embed Frameworks */ = {isa = PBXBuildFile; fileRef = 7374F0210736A431E392F671 /* MemoryKit.framework */; settings = {ATTRIBUTES = (CodeSignOnCopy, RemoveHeadersOnCopy, ); }; };
		A20AAB791E9BCBB94976A2F3 /* MemorySpotlight.swift in Sources */ = {isa = PBXBuildFile; fileRef = 51BAB3532ED752C39993FD5E /* MemorySpotlight.swift */; };
		A2B7B4B775E2095C821F7C2B /* MemoryKit.framework in Frameworks */ = {isa = PBXBuildFile; fileRef = 7374F0210736A431E392F671 /* MemoryKit.framework */; };
		A3916CABF5BDB894E590FC96 /* VoiceKit.framework in Frameworks */ = {isa = PBXBuildFile; fileRef = DAD1E7E4C20680396D73C795 /* VoiceKit.framework */; };
		A465B467005DC70DD3AB1E83 /* AvailabilityUnavailableView.swift in Sources */ = {isa = PBXBuildFile; fileRef = F8967CC55ECD2E6B45430E41 /* AvailabilityUnavailableView.swift */; };
		A4EF4BD93A247C36AA74DF02 /* AgentKit.framework in Frameworks */ = {isa = PBXBuildFile; fileRef = AE4653B800CB998C08A93506 /* AgentKit.framework */; };
		A7180EBA0C4CD5DD2D321524 /* EvalTypes.swift in Sources */ = {isa = PBXBuildFile; fileRef = 95855FC5689916B4D9A6DAA9 /* EvalTypes.swift */; };
		AA766205BBFFE2A677C44765 /* AgentKit.framework in Frameworks */ = {isa = PBXBuildFile; fileRef = AE4653B800CB998C08A93506 /* AgentKit.framework */; };
		AB0107A6103A1D1E1025248F /* AssistantQuickResponder.swift in Sources */ = {isa = PBXBuildFile; fileRef = 1042B5EDD971D950F2966936 /* AssistantQuickResponder.swift */; };
		AC202CB7D2C0FE2C8611E4A6 /* ToolsKit.framework in Frameworks */ = {isa = PBXBuildFile; fileRef = 74FC336A982943CC2815DF3C /* ToolsKit.framework */; };
		AC4E94039E9F163CC1CF9704 /* CreateReminderTool.swift in Sources */ = {isa = PBXBuildFile; fileRef = FE1BDC34AE3C516ED6BA5D0B /* CreateReminderTool.swift */; };
		AE68AC8E8BBAF746D67E293B /* ApprovalGate.swift in Sources */ = {isa = PBXBuildFile; fileRef = B0FA8CB1A646FC352A22C3EC /* ApprovalGate.swift */; };
		B1BAF201D8E40B29140E441A /* MapsTool.swift in Sources */ = {isa = PBXBuildFile; fileRef = 9C89FF09A9A5AE1753162231 /* MapsTool.swift */; };
		B48FB63858ECE575D3F392D9 /* AgentKit.framework in Embed Frameworks */ = {isa = PBXBuildFile; fileRef = AE4653B800CB998C08A93506 /* AgentKit.framework */; settings = {ATTRIBUTES = (CodeSignOnCopy, RemoveHeadersOnCopy, ); }; };
		B620F3E244A077E38463C831 /* MemoryTools.swift in Sources */ = {isa = PBXBuildFile; fileRef = 3B64BC3AADB799AB942833F7 /* MemoryTools.swift */; };
		B691A6206B6BD6842D8BFA63 /* VoiceKit.framework in Embed Frameworks */ = {isa = PBXBuildFile; fileRef = DAD1E7E4C20680396D73C795 /* VoiceKit.framework */; settings = {ATTRIBUTES = (CodeSignOnCopy, RemoveHeadersOnCopy, ); }; };
		B8470CA6FE4637D20A24E7C7 /* SpeechSpeaker.swift in Sources */ = {isa = PBXBuildFile; fileRef = 82E12DFEE2B94D9FC1ECA2F3 /* SpeechSpeaker.swift */; };
		BBE4F2A3E0755DBDB8E507AF /* SkillSuggester.swift in Sources */ = {isa = PBXBuildFile; fileRef = D4DCB5A7F31C497A2D49B1F8 /* SkillSuggester.swift */; };
		BD6E3522B3BA497F45699E51 /* MemoryBrowserView.swift in Sources */ = {isa = PBXBuildFile; fileRef = 2186E6F9304DE55D520A7E65 /* MemoryBrowserView.swift */; };
		BD9DD2B9C72DC0747C09AF1A /* MessageBubble.swift in Sources */ = {isa = PBXBuildFile; fileRef = 577EE68A01EB634DB4EF1AE5 /* MessageBubble.swift */; };
		C751D6DB1CCC5EB896293D5D /* SuggestionInboxView.swift in Sources */ = {isa = PBXBuildFile; fileRef = E404F5DC860AA8125C496853 /* SuggestionInboxView.swift */; };
		CABDF5FAB7596254A3D8872E /* ReminderConfirmationCard.swift in Sources */ = {isa = PBXBuildFile; fileRef = 60FD5A35FA7EE84F958D750C /* ReminderConfirmationCard.swift */; };
		CCA7F757F53C96B444B9E77E /* SkillsKit.framework in Frameworks */ = {isa = PBXBuildFile; fileRef = E6094B687FC9EF3D2CD7E933 /* SkillsKit.framework */; };
		D1764EFBEEBCB96DA9E035C2 /* MemoryContainer.swift in Sources */ = {isa = PBXBuildFile; fileRef = 404E394500AF512C2A47C15E /* MemoryContainer.swift */; };
		D25F63404309E37F507B4B31 /* MagicMomentService.swift in Sources */ = {isa = PBXBuildFile; fileRef = CF1AF1D4BF8C3F1893019995 /* MagicMomentService.swift */; };
		D7297EAB6F22A542FF0D2F9B /* OnboardingViewModel.swift in Sources */ = {isa = PBXBuildFile; fileRef = B5D3FEBE21D131A2C590C0C6 /* OnboardingViewModel.swift */; };
		D81887291323F7152FE4A281 /* ToolsKit.framework in Frameworks */ = {isa = PBXBuildFile; fileRef = 74FC336A982943CC2815DF3C /* ToolsKit.framework */; };
		D838541D987B697659A23991 /* RoutineSuggester.swift in Sources */ = {isa = PBXBuildFile; fileRef = 9882F2F200BD50EC26E153ED /* RoutineSuggester.swift */; };
		D8DBA833C374255181FD33F7 /* SkillsKit.framework in Embed Frameworks */ = {isa = PBXBuildFile; fileRef = E6094B687FC9EF3D2CD7E933 /* SkillsKit.framework */; settings = {ATTRIBUTES = (CodeSignOnCopy, RemoveHeadersOnCopy, ); }; };
		DD4357A194A46C908ECE208C /* MemoryStore.swift in Sources */ = {isa = PBXBuildFile; fileRef = 8B37EED17451AEDD3F8DBBEF /* MemoryStore.swift */; };
		E5D4C2EA9B64859C668B549F /* AvailabilityService.swift in Sources */ = {isa = PBXBuildFile; fileRef = 97DB0913F2F6CC04B16C61E7 /* AvailabilityService.swift */; };
		E6B7E3AA02F6634913983B5F /* Assets.xcassets in Resources */ = {isa = PBXBuildFile; fileRef = D03DE67CBD2FA1F9526C52ED /* Assets.xcassets */; };
		EB7F35DC010C7C555AEB5678 /* VoiceTranscriber.swift in Sources */ = {isa = PBXBuildFile; fileRef = 1BB3BD5823B6B3845E0AE33F /* VoiceTranscriber.swift */; };
		F074B00845E84DBB9873F1CC /* AssistantIntents.swift in Sources */ = {isa = PBXBuildFile; fileRef = F44E1B2796A6C91EE63FC06E /* AssistantIntents.swift */; };
		F2C5E707DB607FE1D3A7C3AB /* PreferenceLearner.swift in Sources */ = {isa = PBXBuildFile; fileRef = A06FCCC459478645402AA64B /* PreferenceLearner.swift */; };
		FB8DEB8EFE4CC57FF248BAD0 /* ConfirmationCards.swift in Sources */ = {isa = PBXBuildFile; fileRef = 9F1C43285FD2E78B3798850E /* ConfirmationCards.swift */; };
		FBF3055027EEFD4E4390816E /* PaywallView.swift in Sources */ = {isa = PBXBuildFile; fileRef = 60090972DF1C4786A5FD352A /* PaywallView.swift */; };
		FCC2192FF3E89F73326EC4B7 /* MemoryModels.swift in Sources */ = {isa = PBXBuildFile; fileRef = 7070B54905D2FAFC94528060 /* MemoryModels.swift */; };
/* End PBXBuildFile section */

/* Begin PBXContainerItemProxy section */
		03C724BD5F2D91095ED316BA /* PBXContainerItemProxy */ = {
			isa = PBXContainerItemProxy;
			containerPortal = 25EC2103F037B0ED125C44B7 /* Project object */;
			proxyType = 1;
			remoteGlobalIDString = 375CF86A9E13DB4FCF208DBE;
			remoteInfo = AgentKit;
		};
		06D6E533A5AB3726F4B7553D /* PBXContainerItemProxy */ = {
			isa = PBXContainerItemProxy;
			containerPortal = 25EC2103F037B0ED125C44B7 /* Project object */;
			proxyType = 1;
			remoteGlobalIDString = 2179B53E9FA6D4331157CBD6;
			remoteInfo = MemoryKit;
		};
		082BAA37B0DAB7CE3AAB10CA /* PBXContainerItemProxy */ = {
			isa = PBXContainerItemProxy;
			containerPortal = 25EC2103F037B0ED125C44B7 /* Project object */;
			proxyType = 1;
			remoteGlobalIDString = 2179B53E9FA6D4331157CBD6;
			remoteInfo = MemoryKit;
		};
		16CCD7A7F8FEDD9025963CCD /* PBXContainerItemProxy */ = {
			isa = PBXContainerItemProxy;
			containerPortal = 25EC2103F037B0ED125C44B7 /* Project object */;
			proxyType = 1;
			remoteGlobalIDString = 375CF86A9E13DB4FCF208DBE;
			remoteInfo = AgentKit;
		};
		2AB88576A0A308690E0A77B2 /* PBXContainerItemProxy */ = {
			isa = PBXContainerItemProxy;
			containerPortal = 25EC2103F037B0ED125C44B7 /* Project object */;
			proxyType = 1;
			remoteGlobalIDString = EC0816367A4D7C6903E34194;
			remoteInfo = SkillsKit;
		};
		4188FF45080FB22B2ACC77D5 /* PBXContainerItemProxy */ = {
			isa = PBXContainerItemProxy;
			containerPortal = 25EC2103F037B0ED125C44B7 /* Project object */;
			proxyType = 1;
			remoteGlobalIDString = 2179B53E9FA6D4331157CBD6;
			remoteInfo = MemoryKit;
		};
		50CDFFB511D4CEE5D65D5878 /* PBXContainerItemProxy */ = {
			isa = PBXContainerItemProxy;
			containerPortal = 25EC2103F037B0ED125C44B7 /* Project object */;
			proxyType = 1;
			remoteGlobalIDString = 8819D8716825E10E88A6CF6A;
			remoteInfo = EvalHarness;
		};
		58FCC2EB3BF9F25A0886DD95 /* PBXContainerItemProxy */ = {
			isa = PBXContainerItemProxy;
			containerPortal = 25EC2103F037B0ED125C44B7 /* Project object */;
			proxyType = 1;
			remoteGlobalIDString = 5671CD9E0F8E1F73276771EE;
			remoteInfo = ToolsKit;
		};
		6F3888BF8B12EA29EDC67B6B /* PBXContainerItemProxy */ = {
			isa = PBXContainerItemProxy;
			containerPortal = 25EC2103F037B0ED125C44B7 /* Project object */;
			proxyType = 1;
			remoteGlobalIDString = 9BC2B87EFE56D3209F14BB18;
			remoteInfo = VoiceKit;
		};
		91DA1E9BFD32B1DA69E34AA5 /* PBXContainerItemProxy */ = {
			isa = PBXContainerItemProxy;
			containerPortal = 25EC2103F037B0ED125C44B7 /* Project object */;
			proxyType = 1;
			remoteGlobalIDString = 5671CD9E0F8E1F73276771EE;
			remoteInfo = ToolsKit;
		};
		B50758FB288BF3507B720946 /* PBXContainerItemProxy */ = {
			isa = PBXContainerItemProxy;
			containerPortal = 25EC2103F037B0ED125C44B7 /* Project object */;
			proxyType = 1;
			remoteGlobalIDString = 2179B53E9FA6D4331157CBD6;
			remoteInfo = MemoryKit;
		};
		C2ADF911EA72B87627A2613F /* PBXContainerItemProxy */ = {
			isa = PBXContainerItemProxy;
			containerPortal = 25EC2103F037B0ED125C44B7 /* Project object */;
			proxyType = 1;
			remoteGlobalIDString = 2179B53E9FA6D4331157CBD6;
			remoteInfo = MemoryKit;
		};
		F9A91901F9B79A46AF913B9E /* PBXContainerItemProxy */ = {
			isa = PBXContainerItemProxy;
			containerPortal = 25EC2103F037B0ED125C44B7 /* Project object */;
			proxyType = 1;
			remoteGlobalIDString = 375CF86A9E13DB4FCF208DBE;
			remoteInfo = AgentKit;
		};
/* End PBXContainerItemProxy section */

/* Begin PBXCopyFilesBuildPhase section */
		16DAE8E64EAB87401640EAF5 /* Embed Frameworks */ = {
			isa = PBXCopyFilesBuildPhase;
			buildActionMask = 2147483647;
			dstPath = "";
			dstSubfolderSpec = 10;
			files = (
				B48FB63858ECE575D3F392D9 /* AgentKit.framework in Embed Frameworks */,
				61824CCEB1327123B08A577E /* ToolsKit.framework in Embed Frameworks */,
				A1CC858DFBDE8B5891DDF24D /* MemoryKit.framework in Embed Frameworks */,
				D8DBA833C374255181FD33F7 /* SkillsKit.framework in Embed Frameworks */,
				B691A6206B6BD6842D8BFA63 /* VoiceKit.framework in Embed Frameworks */,
				5799B309266857338997F843 /* EvalHarness.framework in Embed Frameworks */,
			);
			name = "Embed Frameworks";
			runOnlyForDeploymentPostprocessing = 0;
		};
/* End PBXCopyFilesBuildPhase section */

/* Begin PBXFileReference section */
		0720253F303425A60BE73EFB /* ProactivityStore.swift */ = {isa = PBXFileReference; lastKnownFileType = sourcecode.swift; path = ProactivityStore.swift; sourceTree = "<group>"; };
		094F14CD4146D59CEA808105 /* ModelRouter.swift */ = {isa = PBXFileReference; lastKnownFileType = sourcecode.swift; path = ModelRouter.swift; sourceTree = "<group>"; };
		0B4DCA76459BF223EDBA7EA7 /* RoutingSettingsView.swift */ = {isa = PBXFileReference; lastKnownFileType = sourcecode.swift; path = RoutingSettingsView.swift; sourceTree = "<group>"; };
		0DCE86A48F783D6E02282D3D /* PreferenceChoiceCard.swift */ = {isa = PBXFileReference; lastKnownFileType = sourcecode.swift; path = PreferenceChoiceCard.swift; sourceTree = "<group>"; };
		0F3DD112A65416B7DB4D601F /* BriefingService.swift */ = {isa = PBXFileReference; lastKnownFileType = sourcecode.swift; path = BriefingService.swift; sourceTree = "<group>"; };
		1042B5EDD971D950F2966936 /* AssistantQuickResponder.swift */ = {isa = PBXFileReference; lastKnownFileType = sourcecode.swift; path = AssistantQuickResponder.swift; sourceTree = "<group>"; };
		1A034C64C28551C3820F71DA /* AssistantEvalSuite.swift */ = {isa = PBXFileReference; lastKnownFileType = sourcecode.swift; path = AssistantEvalSuite.swift; sourceTree = "<group>"; };
		1BB3BD5823B6B3845E0AE33F /* VoiceTranscriber.swift */ = {isa = PBXFileReference; lastKnownFileType = sourcecode.swift; path = VoiceTranscriber.swift; sourceTree = "<group>"; };
		1FE7ABD865A5894C5F7C3273 /* ChatViewModel.swift */ = {isa = PBXFileReference; lastKnownFileType = sourcecode.swift; path = ChatViewModel.swift; sourceTree = "<group>"; };
		205842AFA2F9DACDDDDE932D /* WebFetchTool.swift */ = {isa = PBXFileReference; lastKnownFileType = sourcecode.swift; path = WebFetchTool.swift; sourceTree = "<group>"; };
		2186E6F9304DE55D520A7E65 /* MemoryBrowserView.swift */ = {isa = PBXFileReference; lastKnownFileType = sourcecode.swift; path = MemoryBrowserView.swift; sourceTree = "<group>"; };
		2964EA16E28BA04FE9549FBB /* Models.swift */ = {isa = PBXFileReference; lastKnownFileType = sourcecode.swift; path = Models.swift; sourceTree = "<group>"; };
		2CE325E3670F83EE66B8B6C9 /* ChatView.swift */ = {isa = PBXFileReference; lastKnownFileType = sourcecode.swift; path = ChatView.swift; sourceTree = "<group>"; };
		35D62C42C025EA7912CFF662 /* ContentView.swift */ = {isa = PBXFileReference; lastKnownFileType = sourcecode.swift; path = ContentView.swift; sourceTree = "<group>"; };
		3A5EA6C48032EDE78AF43951 /* EvalRunner.swift */ = {isa = PBXFileReference; lastKnownFileType = sourcecode.swift; path = EvalRunner.swift; sourceTree = "<group>"; };
		3B64BC3AADB799AB942833F7 /* MemoryTools.swift */ = {isa = PBXFileReference; lastKnownFileType = sourcecode.swift; path = MemoryTools.swift; sourceTree = "<group>"; };
		3DB5F654BEA114600C3A9BEE /* RoutingPolicy.swift */ = {isa = PBXFileReference; lastKnownFileType = sourcecode.swift; path = RoutingPolicy.swift; sourceTree = "<group>"; };
		3DF0D4C312727CEAFC13B19F /* LLMChatApp.swift */ = {isa = PBXFileReference; lastKnownFileType = sourcecode.swift; path = LLMChatApp.swift; sourceTree = "<group>"; };
		3E0AC38F8780A5FCA011BF14 /* SkillCatalog.swift */ = {isa = PBXFileReference; lastKnownFileType = sourcecode.swift; path = SkillCatalog.swift; sourceTree = "<group>"; };
		3E23085DAFD011462E33D3B6 /* ImageProcessor.swift */ = {isa = PBXFileReference; lastKnownFileType = sourcecode.swift; path = ImageProcessor.swift; sourceTree = "<group>"; };
		3FF1DEF61245808B425F6E28 /* PersonaStore.swift */ = {isa = PBXFileReference; lastKnownFileType = sourcecode.swift; path = PersonaStore.swift; sourceTree = "<group>"; };
		404E394500AF512C2A47C15E /* MemoryContainer.swift */ = {isa = PBXFileReference; lastKnownFileType = sourcecode.swift; path = MemoryContainer.swift; sourceTree = "<group>"; };
		50FC89719021A5B406A70279 /* ToolSelector.swift */ = {isa = PBXFileReference; lastKnownFileType = sourcecode.swift; path = ToolSelector.swift; sourceTree = "<group>"; };
		51BAB3532ED752C39993FD5E /* MemorySpotlight.swift */ = {isa = PBXFileReference; lastKnownFileType = sourcecode.swift; path = MemorySpotlight.swift; sourceTree = "<group>"; };
		559763846856BD48B01396BC /* MemoryManager.swift */ = {isa = PBXFileReference; lastKnownFileType = sourcecode.swift; path = MemoryManager.swift; sourceTree = "<group>"; };
		566A7748D0286FAC23F69755 /* ContactsTool.swift */ = {isa = PBXFileReference; lastKnownFileType = sourcecode.swift; path = ContactsTool.swift; sourceTree = "<group>"; };
		577EE68A01EB634DB4EF1AE5 /* MessageBubble.swift */ = {isa = PBXFileReference; lastKnownFileType = sourcecode.swift; path = MessageBubble.swift; sourceTree = "<group>"; };
		5FEDAE18D6BC16ABB7271BE1 /* DraftTypes.swift */ = {isa = PBXFileReference; lastKnownFileType = sourcecode.swift; path = DraftTypes.swift; sourceTree = "<group>"; };
		60090972DF1C4786A5FD352A /* PaywallView.swift */ = {isa = PBXFileReference; lastKnownFileType = sourcecode.swift; path = PaywallView.swift; sourceTree = "<group>"; };
		60FD5A35FA7EE84F958D750C /* ReminderConfirmationCard.swift */ = {isa = PBXFileReference; lastKnownFileType = sourcecode.swift; path = ReminderConfirmationCard.swift; sourceTree = "<group>"; };
		60FE360A718E37717EC206C2 /* ProactivityScheduler.swift */ = {isa = PBXFileReference; lastKnownFileType = sourcecode.swift; path = ProactivityScheduler.swift; sourceTree = "<group>"; };
		6EA28655E25C6F6ECCE4E1B7 /* ConversationEngine.swift */ = {isa = PBXFileReference; lastKnownFileType = sourcecode.swift; path = ConversationEngine.swift; sourceTree = "<group>"; };
		6FD6A47AFC72C0C4FD274C80 /* OnboardingView.swift */ = {isa = PBXFileReference; lastKnownFileType = sourcecode.swift; path = OnboardingView.swift; sourceTree = "<group>"; };
		7070B54905D2FAFC94528060 /* MemoryModels.swift */ = {isa = PBXFileReference; lastKnownFileType = sourcecode.swift; path = MemoryModels.swift; sourceTree = "<group>"; };
		7374F0210736A431E392F671 /* MemoryKit.framework */ = {isa = PBXFileReference; explicitFileType = wrapper.framework; includeInIndex = 0; path = MemoryKit.framework; sourceTree = BUILT_PRODUCTS_DIR; };
		74FC336A982943CC2815DF3C /* ToolsKit.framework */ = {isa = PBXFileReference; explicitFileType = wrapper.framework; includeInIndex = 0; path = ToolsKit.framework; sourceTree = BUILT_PRODUCTS_DIR; };
		77C576B3488C16291972AEEC /* ContextBudget.swift */ = {isa = PBXFileReference; lastKnownFileType = sourcecode.swift; path = ContextBudget.swift; sourceTree = "<group>"; };
		7850237C25DCDDF464370573 /* UsageMetrics.swift */ = {isa = PBXFileReference; lastKnownFileType = sourcecode.swift; path = UsageMetrics.swift; sourceTree = "<group>"; };
		78F31C119B78BC69146DEE64 /* ModelTier.swift */ = {isa = PBXFileReference; lastKnownFileType = sourcecode.swift; path = ModelTier.swift; sourceTree = "<group>"; };
		82E12DFEE2B94D9FC1ECA2F3 /* SpeechSpeaker.swift */ = {isa = PBXFileReference; lastKnownFileType = sourcecode.swift; path = SpeechSpeaker.swift; sourceTree = "<group>"; };
		881C4D8AE910FC8FBF159718 /* SkillsView.swift */ = {isa = PBXFileReference; lastKnownFileType = sourcecode.swift; path = SkillsView.swift; sourceTree = "<group>"; };
		8865980473A5AD8C7E5773CA /* SkillStore.swift */ = {isa = PBXFileReference; lastKnownFileType = sourcecode.swift; path = SkillStore.swift; sourceTree = "<group>"; };
		8B37EED17451AEDD3F8DBBEF /* MemoryStore.swift */ = {isa = PBXFileReference; lastKnownFileType = sourcecode.swift; path = MemoryStore.swift; sourceTree = "<group>"; };
		95855FC5689916B4D9A6DAA9 /* EvalTypes.swift */ = {isa = PBXFileReference; lastKnownFileType = sourcecode.swift; path = EvalTypes.swift; sourceTree = "<group>"; };
		97DB0913F2F6CC04B16C61E7 /* AvailabilityService.swift */ = {isa = PBXFileReference; lastKnownFileType = sourcecode.swift; path = AvailabilityService.swift; sourceTree = "<group>"; };
		9882F2F200BD50EC26E153ED /* RoutineSuggester.swift */ = {isa = PBXFileReference; lastKnownFileType = sourcecode.swift; path = RoutineSuggester.swift; sourceTree = "<group>"; };
		9A1591AB7DA8D096EC65A95A /* SkillIntents.swift */ = {isa = PBXFileReference; lastKnownFileType = sourcecode.swift; path = SkillIntents.swift; sourceTree = "<group>"; };
		9C89FF09A9A5AE1753162231 /* MapsTool.swift */ = {isa = PBXFileReference; lastKnownFileType = sourcecode.swift; path = MapsTool.swift; sourceTree = "<group>"; };
		9DE2931AA63D4E608A00E676 /* ToolRegistry.swift */ = {isa = PBXFileReference; lastKnownFileType = sourcecode.swift; path = ToolRegistry.swift; sourceTree = "<group>"; };
		9F1C43285FD2E78B3798850E /* ConfirmationCards.swift */ = {isa = PBXFileReference; lastKnownFileType = sourcecode.swift; path = ConfirmationCards.swift; sourceTree = "<group>"; };
		A06FCCC459478645402AA64B /* PreferenceLearner.swift */ = {isa = PBXFileReference; lastKnownFileType = sourcecode.swift; path = PreferenceLearner.swift; sourceTree = "<group>"; };
		AE4653B800CB998C08A93506 /* AgentKit.framework */ = {isa = PBXFileReference; explicitFileType = wrapper.framework; includeInIndex = 0; path = AgentKit.framework; sourceTree = BUILT_PRODUCTS_DIR; };
		B0FA8CB1A646FC352A22C3EC /* ApprovalGate.swift */ = {isa = PBXFileReference; lastKnownFileType = sourcecode.swift; path = ApprovalGate.swift; sourceTree = "<group>"; };
		B5D3FEBE21D131A2C590C0C6 /* OnboardingViewModel.swift */ = {isa = PBXFileReference; lastKnownFileType = sourcecode.swift; path = OnboardingViewModel.swift; sourceTree = "<group>"; };
		B706FDD3E607463C9224D89B /* ConversationProfile.swift */ = {isa = PBXFileReference; lastKnownFileType = sourcecode.swift; path = ConversationProfile.swift; sourceTree = "<group>"; };
		C789FD8FBE13440E16D08E8F /* PersonaDraft.swift */ = {isa = PBXFileReference; lastKnownFileType = sourcecode.swift; path = PersonaDraft.swift; sourceTree = "<group>"; };
		CF1AF1D4BF8C3F1893019995 /* MagicMomentService.swift */ = {isa = PBXFileReference; lastKnownFileType = sourcecode.swift; path = MagicMomentService.swift; sourceTree = "<group>"; };
		CF27CC62DCA71C68436E743B /* PersonaView.swift */ = {isa = PBXFileReference; lastKnownFileType = sourcecode.swift; path = PersonaView.swift; sourceTree = "<group>"; };
		D03DE67CBD2FA1F9526C52ED /* Assets.xcassets */ = {isa = PBXFileReference; lastKnownFileType = folder.assetcatalog; path = Assets.xcassets; sourceTree = "<group>"; };
		D138EB0CC718D6FE746AF260 /* PremiumStore.swift */ = {isa = PBXFileReference; lastKnownFileType = sourcecode.swift; path = PremiumStore.swift; sourceTree = "<group>"; };
		D4DCB5A7F31C497A2D49B1F8 /* SkillSuggester.swift */ = {isa = PBXFileReference; lastKnownFileType = sourcecode.swift; path = SkillSuggester.swift; sourceTree = "<group>"; };
		DAD1E7E4C20680396D73C795 /* VoiceKit.framework */ = {isa = PBXFileReference; explicitFileType = wrapper.framework; includeInIndex = 0; path = VoiceKit.framework; sourceTree = BUILT_PRODUCTS_DIR; };
		DFD228B4A0C317161851391B /* SkillRunner.swift */ = {isa = PBXFileReference; lastKnownFileType = sourcecode.swift; path = SkillRunner.swift; sourceTree = "<group>"; };
		E404F5DC860AA8125C496853 /* SuggestionInboxView.swift */ = {isa = PBXFileReference; lastKnownFileType = sourcecode.swift; path = SuggestionInboxView.swift; sourceTree = "<group>"; };
		E6094B687FC9EF3D2CD7E933 /* SkillsKit.framework */ = {isa = PBXFileReference; explicitFileType = wrapper.framework; includeInIndex = 0; path = SkillsKit.framework; sourceTree = BUILT_PRODUCTS_DIR; };
		E6466298D6F12635D4270657 /* CalendarTools.swift */ = {isa = PBXFileReference; lastKnownFileType = sourcecode.swift; path = CalendarTools.swift; sourceTree = "<group>"; };
		EA74FFB4B7315253FB1C2F96 /* EvalHarness.framework */ = {isa = PBXFileReference; explicitFileType = wrapper.framework; includeInIndex = 0; path = EvalHarness.framework; sourceTree = BUILT_PRODUCTS_DIR; };
		F44E1B2796A6C91EE63FC06E /* AssistantIntents.swift */ = {isa = PBXFileReference; lastKnownFileType = sourcecode.swift; path = AssistantIntents.swift; sourceTree = "<group>"; };
		F8967CC55ECD2E6B45430E41 /* AvailabilityUnavailableView.swift */ = {isa = PBXFileReference; lastKnownFileType = sourcecode.swift; path = AvailabilityUnavailableView.swift; sourceTree = "<group>"; };
		F8E0043137DECF5E4A200664 /* LLMChat.app */ = {isa = PBXFileReference; includeInIndex = 0; lastKnownFileType = wrapper.application; path = LLMChat.app; sourceTree = BUILT_PRODUCTS_DIR; };
		FE1BDC34AE3C516ED6BA5D0B /* CreateReminderTool.swift */ = {isa = PBXFileReference; lastKnownFileType = sourcecode.swift; path = CreateReminderTool.swift; sourceTree = "<group>"; };
/* End PBXFileReference section */

/* Begin PBXFrameworksBuildPhase section */
		5DF28DE22814D559DEE2C886 /* Frameworks */ = {
			isa = PBXFrameworksBuildPhase;
			buildActionMask = 2147483647;
			files = (
				37D2FF39BF6F01DA36B3EBFC /* MemoryKit.framework in Frameworks */,
			);
			runOnlyForDeploymentPostprocessing = 0;
		};
		64A17A97806AD5258F2EEBDE /* Frameworks */ = {
			isa = PBXFrameworksBuildPhase;
			buildActionMask = 2147483647;
			files = (
				A4EF4BD93A247C36AA74DF02 /* AgentKit.framework in Frameworks */,
				1F6E4D03C748F935880D78F6 /* MemoryKit.framework in Frameworks */,
			);
			runOnlyForDeploymentPostprocessing = 0;
		};
		707CFA007CBA5F1ED4483A70 /* Frameworks */ = {
			isa = PBXFrameworksBuildPhase;
			buildActionMask = 2147483647;
			files = (
				A2B7B4B775E2095C821F7C2B /* MemoryKit.framework in Frameworks */,
				9E03557AB7434CC184902B9C /* AgentKit.framework in Frameworks */,
			);
			runOnlyForDeploymentPostprocessing = 0;
		};
		C947C7F8D1E8E76947A5D7ED /* Frameworks */ = {
			isa = PBXFrameworksBuildPhase;
			buildActionMask = 2147483647;
			files = (
				AA766205BBFFE2A677C44765 /* AgentKit.framework in Frameworks */,
				D81887291323F7152FE4A281 /* ToolsKit.framework in Frameworks */,
				260E535B26AC8F13D236AFE1 /* MemoryKit.framework in Frameworks */,
				CCA7F757F53C96B444B9E77E /* SkillsKit.framework in Frameworks */,
				A3916CABF5BDB894E590FC96 /* VoiceKit.framework in Frameworks */,
				504D596434346B4CBDB3CCD7 /* EvalHarness.framework in Frameworks */,
			);
			runOnlyForDeploymentPostprocessing = 0;
		};
		E71CFC8A7E4262709CDE913A /* Frameworks */ = {
			isa = PBXFrameworksBuildPhase;
			buildActionMask = 2147483647;
			files = (
				9872DA46C504414EBF883183 /* MemoryKit.framework in Frameworks */,
				AC202CB7D2C0FE2C8611E4A6 /* ToolsKit.framework in Frameworks */,
			);
			runOnlyForDeploymentPostprocessing = 0;
		};
/* End PBXFrameworksBuildPhase section */

/* Begin PBXGroup section */
		0BFADABF4869A4E099745E60 /* Premium */ = {
			isa = PBXGroup;
			children = (
				60090972DF1C4786A5FD352A /* PaywallView.swift */,
			);
			path = Premium;
			sourceTree = "<group>";
		};
		1DF2724D56609A29401E8CFA /* Resources */ = {
			isa = PBXGroup;
			children = (
				D03DE67CBD2FA1F9526C52ED /* Assets.xcassets */,
			);
			path = Resources;
			sourceTree = "<group>";
		};
		27A22BA371612D927AC0C776 /* App */ = {
			isa = PBXGroup;
			children = (
				35D62C42C025EA7912CFF662 /* ContentView.swift */,
				3DF0D4C312727CEAFC13B19F /* LLMChatApp.swift */,
				99CCF2367D20AD1444F5CB30 /* Features */,
			);
			path = App;
			sourceTree = "<group>";
		};
		33757F627E13ECA1D3FD73EE /* Onboarding */ = {
			isa = PBXGroup;
			children = (
				6FD6A47AFC72C0C4FD274C80 /* OnboardingView.swift */,
				B5D3FEBE21D131A2C590C0C6 /* OnboardingViewModel.swift */,
			);
			path = Onboarding;
			sourceTree = "<group>";
		};
		3F7818AD1EF0ADF2DBD5885A /* Chat */ = {
			isa = PBXGroup;
			children = (
				2CE325E3670F83EE66B8B6C9 /* ChatView.swift */,
				1FE7ABD865A5894C5F7C3273 /* ChatViewModel.swift */,
				9F1C43285FD2E78B3798850E /* ConfirmationCards.swift */,
				577EE68A01EB634DB4EF1AE5 /* MessageBubble.swift */,
				60FD5A35FA7EE84F958D750C /* ReminderConfirmationCard.swift */,
			);
			path = Chat;
			sourceTree = "<group>";
		};
		40D7DCB8F37B6FD2D84ADE4D /* Sources */ = {
			isa = PBXGroup;
			children = (
				5FEDAE18D6BC16ABB7271BE1 /* DraftTypes.swift */,
				3E23085DAFD011462E33D3B6 /* ImageProcessor.swift */,
				404E394500AF512C2A47C15E /* MemoryContainer.swift */,
				559763846856BD48B01396BC /* MemoryManager.swift */,
				7070B54905D2FAFC94528060 /* MemoryModels.swift */,
				51BAB3532ED752C39993FD5E /* MemorySpotlight.swift */,
				8B37EED17451AEDD3F8DBBEF /* MemoryStore.swift */,
				2964EA16E28BA04FE9549FBB /* Models.swift */,
				0720253F303425A60BE73EFB /* ProactivityStore.swift */,
				3DB5F654BEA114600C3A9BEE /* RoutingPolicy.swift */,
				8865980473A5AD8C7E5773CA /* SkillStore.swift */,
				7850237C25DCDDF464370573 /* UsageMetrics.swift */,
			);
			name = Sources;
			path = Packages/MemoryKit/Sources;
			sourceTree = "<group>";
		};
		6141379057F104AB977E3871 /* Settings */ = {
			isa = PBXGroup;
			children = (
				0B4DCA76459BF223EDBA7EA7 /* RoutingSettingsView.swift */,
			);
			path = Settings;
			sourceTree = "<group>";
		};
		61E5C3A3BC1E35B8BCDCDCAD /* Skills */ = {
			isa = PBXGroup;
			children = (
				881C4D8AE910FC8FBF159718 /* SkillsView.swift */,
			);
			path = Skills;
			sourceTree = "<group>";
		};
		758D8BD8D89F5625905717E5 /* Products */ = {
			isa = PBXGroup;
			children = (
				AE4653B800CB998C08A93506 /* AgentKit.framework */,
				EA74FFB4B7315253FB1C2F96 /* EvalHarness.framework */,
				F8E0043137DECF5E4A200664 /* LLMChat.app */,
				7374F0210736A431E392F671 /* MemoryKit.framework */,
				E6094B687FC9EF3D2CD7E933 /* SkillsKit.framework */,
				74FC336A982943CC2815DF3C /* ToolsKit.framework */,
				DAD1E7E4C20680396D73C795 /* VoiceKit.framework */,
			);
			name = Products;
			sourceTree = "<group>";
		};
		76E80D7910CB72838FB12425 /* Availability */ = {
			isa = PBXGroup;
			children = (
				F8967CC55ECD2E6B45430E41 /* AvailabilityUnavailableView.swift */,
			);
			path = Availability;
			sourceTree = "<group>";
		};
		85B043A9CF02F703C0742E14 /* Persona */ = {
			isa = PBXGroup;
			children = (
				CF27CC62DCA71C68436E743B /* PersonaView.swift */,
			);
			path = Persona;
			sourceTree = "<group>";
		};
		8739DD043F23A35FAA4E6926 /* Sources */ = {
			isa = PBXGroup;
			children = (
				1A034C64C28551C3820F71DA /* AssistantEvalSuite.swift */,
				3A5EA6C48032EDE78AF43951 /* EvalRunner.swift */,
				95855FC5689916B4D9A6DAA9 /* EvalTypes.swift */,
			);
			name = Sources;
			path = Packages/EvalHarness/Sources;
			sourceTree = "<group>";
		};
		8DD4715FABED49977A4E39C3 /* MemoryBrowser */ = {
			isa = PBXGroup;
			children = (
				2186E6F9304DE55D520A7E65 /* MemoryBrowserView.swift */,
			);
			path = MemoryBrowser;
			sourceTree = "<group>";
		};
		99CCF2367D20AD1444F5CB30 /* Features */ = {
			isa = PBXGroup;
			children = (
				76E80D7910CB72838FB12425 /* Availability */,
				3F7818AD1EF0ADF2DBD5885A /* Chat */,
				8DD4715FABED49977A4E39C3 /* MemoryBrowser */,
				33757F627E13ECA1D3FD73EE /* Onboarding */,
				85B043A9CF02F703C0742E14 /* Persona */,
				0BFADABF4869A4E099745E60 /* Premium */,
				6141379057F104AB977E3871 /* Settings */,
				61E5C3A3BC1E35B8BCDCDCAD /* Skills */,
				DC3258B2A918A7001A967DAD /* Suggestions */,
			);
			path = Features;
			sourceTree = "<group>";
		};
		D7120A014396CE933C19DD66 /* Sources */ = {
			isa = PBXGroup;
			children = (
				E6466298D6F12635D4270657 /* CalendarTools.swift */,
				566A7748D0286FAC23F69755 /* ContactsTool.swift */,
				FE1BDC34AE3C516ED6BA5D0B /* CreateReminderTool.swift */,
				9C89FF09A9A5AE1753162231 /* MapsTool.swift */,
				3B64BC3AADB799AB942833F7 /* MemoryTools.swift */,
				9DE2931AA63D4E608A00E676 /* ToolRegistry.swift */,
				50FC89719021A5B406A70279 /* ToolSelector.swift */,
				205842AFA2F9DACDDDDE932D /* WebFetchTool.swift */,
			);
			name = Sources;
			path = Packages/ToolsKit/Sources;
			sourceTree = "<group>";
		};
		DC3258B2A918A7001A967DAD /* Suggestions */ = {
			isa = PBXGroup;
			children = (
				0DCE86A48F783D6E02282D3D /* PreferenceChoiceCard.swift */,
				E404F5DC860AA8125C496853 /* SuggestionInboxView.swift */,
			);
			path = Suggestions;
			sourceTree = "<group>";
		};
		DD4FF8FE52B3F7AD340DBC0B /* Sources */ = {
			isa = PBXGroup;
			children = (
				B0FA8CB1A646FC352A22C3EC /* ApprovalGate.swift */,
				1042B5EDD971D950F2966936 /* AssistantQuickResponder.swift */,
				97DB0913F2F6CC04B16C61E7 /* AvailabilityService.swift */,
				0F3DD112A65416B7DB4D601F /* BriefingService.swift */,
				77C576B3488C16291972AEEC /* ContextBudget.swift */,
				6EA28655E25C6F6ECCE4E1B7 /* ConversationEngine.swift */,
				B706FDD3E607463C9224D89B /* ConversationProfile.swift */,
				CF1AF1D4BF8C3F1893019995 /* MagicMomentService.swift */,
				094F14CD4146D59CEA808105 /* ModelRouter.swift */,
				78F31C119B78BC69146DEE64 /* ModelTier.swift */,
				C789FD8FBE13440E16D08E8F /* PersonaDraft.swift */,
				3FF1DEF61245808B425F6E28 /* PersonaStore.swift */,
				A06FCCC459478645402AA64B /* PreferenceLearner.swift */,
				D138EB0CC718D6FE746AF260 /* PremiumStore.swift */,
				60FE360A718E37717EC206C2 /* ProactivityScheduler.swift */,
				9882F2F200BD50EC26E153ED /* RoutineSuggester.swift */,
			);
			name = Sources;
			path = Packages/AgentKit/Sources;
			sourceTree = "<group>";
		};
		DF2EE5D0F34A5CB0516F1798 /* Sources */ = {
			isa = PBXGroup;
			children = (
				F44E1B2796A6C91EE63FC06E /* AssistantIntents.swift */,
				3E0AC38F8780A5FCA011BF14 /* SkillCatalog.swift */,
				9A1591AB7DA8D096EC65A95A /* SkillIntents.swift */,
				DFD228B4A0C317161851391B /* SkillRunner.swift */,
				D4DCB5A7F31C497A2D49B1F8 /* SkillSuggester.swift */,
			);
			name = Sources;
			path = Packages/SkillsKit/Sources;
			sourceTree = "<group>";
		};
		FBF67A0000C020A677321588 /* Sources */ = {
			isa = PBXGroup;
			children = (
				82E12DFEE2B94D9FC1ECA2F3 /* SpeechSpeaker.swift */,
				1BB3BD5823B6B3845E0AE33F /* VoiceTranscriber.swift */,
			);
			name = Sources;
			path = Packages/VoiceKit/Sources;
			sourceTree = "<group>";
		};
		FBF7F880C33DBE495C576313 = {
			isa = PBXGroup;
			children = (
				27A22BA371612D927AC0C776 /* App */,
				1DF2724D56609A29401E8CFA /* Resources */,
				DD4FF8FE52B3F7AD340DBC0B /* Sources */,
				8739DD043F23A35FAA4E6926 /* Sources */,
				40D7DCB8F37B6FD2D84ADE4D /* Sources */,
				DF2EE5D0F34A5CB0516F1798 /* Sources */,
				D7120A014396CE933C19DD66 /* Sources */,
				FBF67A0000C020A677321588 /* Sources */,
				758D8BD8D89F5625905717E5 /* Products */,
			);
			sourceTree = "<group>";
		};
/* End PBXGroup section */

/* Begin PBXNativeTarget section */
		199F033A359707325C41B338 /* LLMChat */ = {
			isa = PBXNativeTarget;
			buildConfigurationList = 1CDFDED1EFBF0A7871F51684 /* Build configuration list for PBXNativeTarget "LLMChat" */;
			buildPhases = (
				80713462ACF3C5605CF96016 /* Sources */,
				0AB128521AFDD126FE948ED0 /* Resources */,
				C947C7F8D1E8E76947A5D7ED /* Frameworks */,
				16DAE8E64EAB87401640EAF5 /* Embed Frameworks */,
			);
			buildRules = (
			);
			dependencies = (
				8B76EA1ACF8BCBBB828EE107 /* PBXTargetDependency */,
				F5D6636F05E2051EF1482624 /* PBXTargetDependency */,
				4268920A6B931DA6B6BB5CBF /* PBXTargetDependency */,
				E0D4BD88940F4F69FA356EF5 /* PBXTargetDependency */,
				1CF9FBFCD262A7F2CD7F55C6 /* PBXTargetDependency */,
				FD85C9267C50B944C3F08D19 /* PBXTargetDependency */,
			);
			name = LLMChat;
			packageProductDependencies = (
			);
			productName = LLMChat;
			productReference = F8E0043137DECF5E4A200664 /* LLMChat.app */;
			productType = "com.apple.product-type.application";
		};
		2179B53E9FA6D4331157CBD6 /* MemoryKit */ = {
			isa = PBXNativeTarget;
			buildConfigurationList = 05704C0E86AFAB2DA0C95609 /* Build configuration list for PBXNativeTarget "MemoryKit" */;
			buildPhases = (
				EB2D2E918BB02EB922A5113E /* Sources */,
			);
			buildRules = (
			);
			dependencies = (
			);
			name = MemoryKit;
			packageProductDependencies = (
			);
			productName = MemoryKit;
			productReference = 7374F0210736A431E392F671 /* MemoryKit.framework */;
			productType = "com.apple.product-type.framework";
		};
		375CF86A9E13DB4FCF208DBE /* AgentKit */ = {
			isa = PBXNativeTarget;
			buildConfigurationList = 0A9E11127DF68B85068526DC /* Build configuration list for PBXNativeTarget "AgentKit" */;
			buildPhases = (
				7DBD12D8F85CB803F0B88832 /* Sources */,
				E71CFC8A7E4262709CDE913A /* Frameworks */,
			);
			buildRules = (
			);
			dependencies = (
				3E9367CD0997CF0E9D7854FD /* PBXTargetDependency */,
				94BD375FBDD8369AEA66F56E /* PBXTargetDependency */,
			);
			name = AgentKit;
			packageProductDependencies = (
			);
			productName = AgentKit;
			productReference = AE4653B800CB998C08A93506 /* AgentKit.framework */;
			productType = "com.apple.product-type.framework";
		};
		5671CD9E0F8E1F73276771EE /* ToolsKit */ = {
			isa = PBXNativeTarget;
			buildConfigurationList = 3156209051C2488E7972EE8D /* Build configuration list for PBXNativeTarget "ToolsKit" */;
			buildPhases = (
				AD38DD318CB53853F21971FF /* Sources */,
				5DF28DE22814D559DEE2C886 /* Frameworks */,
			);
			buildRules = (
			);
			dependencies = (
				6485C66ACA63BC03CAECE78A /* PBXTargetDependency */,
			);
			name = ToolsKit;
			packageProductDependencies = (
			);
			productName = ToolsKit;
			productReference = 74FC336A982943CC2815DF3C /* ToolsKit.framework */;
			productType = "com.apple.product-type.framework";
		};
		8819D8716825E10E88A6CF6A /* EvalHarness */ = {
			isa = PBXNativeTarget;
			buildConfigurationList = BD1BE1CC0FF9D5CAA7CF3ACA /* Build configuration list for PBXNativeTarget "EvalHarness" */;
			buildPhases = (
				9E3EE7A352D461FDAB055665 /* Sources */,
				64A17A97806AD5258F2EEBDE /* Frameworks */,
			);
			buildRules = (
			);
			dependencies = (
				95EDD184DCF0B1D1220AB0DA /* PBXTargetDependency */,
				F06B62FDE319B72A5FC5A4CF /* PBXTargetDependency */,
			);
			name = EvalHarness;
			packageProductDependencies = (
			);
			productName = EvalHarness;
			productReference = EA74FFB4B7315253FB1C2F96 /* EvalHarness.framework */;
			productType = "com.apple.product-type.framework";
		};
		9BC2B87EFE56D3209F14BB18 /* VoiceKit */ = {
			isa = PBXNativeTarget;
			buildConfigurationList = 1265B8EF12635B8BA854F0E3 /* Build configuration list for PBXNativeTarget "VoiceKit" */;
			buildPhases = (
				0E1ED565D5DC22992F8C58C6 /* Sources */,
			);
			buildRules = (
			);
			dependencies = (
			);
			name = VoiceKit;
			packageProductDependencies = (
			);
			productName = VoiceKit;
			productReference = DAD1E7E4C20680396D73C795 /* VoiceKit.framework */;
			productType = "com.apple.product-type.framework";
		};
		EC0816367A4D7C6903E34194 /* SkillsKit */ = {
			isa = PBXNativeTarget;
			buildConfigurationList = 0B3685EFB877C6E41F7B5645 /* Build configuration list for PBXNativeTarget "SkillsKit" */;
			buildPhases = (
				8BD08ADDA40070D986340E2C /* Sources */,
				707CFA007CBA5F1ED4483A70 /* Frameworks */,
			);
			buildRules = (
			);
			dependencies = (
				A6D696F4BEE3B86B4675B608 /* PBXTargetDependency */,
				CD641A71B4F632ADBE4837D4 /* PBXTargetDependency */,
			);
			name = SkillsKit;
			packageProductDependencies = (
			);
			productName = SkillsKit;
			productReference = E6094B687FC9EF3D2CD7E933 /* SkillsKit.framework */;
			productType = "com.apple.product-type.framework";
		};
/* End PBXNativeTarget section */

/* Begin PBXProject section */
		25EC2103F037B0ED125C44B7 /* Project object */ = {
			isa = PBXProject;
			attributes = {
				BuildIndependentTargetsInParallel = YES;
				LastUpgradeCheck = 2600;
				TargetAttributes = {
					199F033A359707325C41B338 = {
						DevelopmentTeam = "${DEVELOPMENT_TEAM}";
						ProvisioningStyle = Automatic;
					};
					2179B53E9FA6D4331157CBD6 = {
						DevelopmentTeam = "${DEVELOPMENT_TEAM}";
					};
					375CF86A9E13DB4FCF208DBE = {
						DevelopmentTeam = "${DEVELOPMENT_TEAM}";
					};
					5671CD9E0F8E1F73276771EE = {
						DevelopmentTeam = "${DEVELOPMENT_TEAM}";
					};
					8819D8716825E10E88A6CF6A = {
						DevelopmentTeam = "${DEVELOPMENT_TEAM}";
					};
					9BC2B87EFE56D3209F14BB18 = {
						DevelopmentTeam = "${DEVELOPMENT_TEAM}";
					};
					EC0816367A4D7C6903E34194 = {
						DevelopmentTeam = "${DEVELOPMENT_TEAM}";
					};
				};
			};
			buildConfigurationList = 7983251CF0EC4F3C741CBFDD /* Build configuration list for PBXProject "LLMChat" */;
			developmentRegion = en;
			hasScannedForEncodings = 0;
			knownRegions = (
				Base,
				en,
			);
			mainGroup = FBF7F880C33DBE495C576313;
			minimizedProjectReferenceProxies = 1;
			preferredProjectObjectVersion = 77;
			productRefGroup = 758D8BD8D89F5625905717E5 /* Products */;
			projectDirPath = "";
			projectRoot = "";
			targets = (
				375CF86A9E13DB4FCF208DBE /* AgentKit */,
				8819D8716825E10E88A6CF6A /* EvalHarness */,
				199F033A359707325C41B338 /* LLMChat */,
				2179B53E9FA6D4331157CBD6 /* MemoryKit */,
				EC0816367A4D7C6903E34194 /* SkillsKit */,
				5671CD9E0F8E1F73276771EE /* ToolsKit */,
				9BC2B87EFE56D3209F14BB18 /* VoiceKit */,
			);
		};
/* End PBXProject section */

/* Begin PBXResourcesBuildPhase section */
		0AB128521AFDD126FE948ED0 /* Resources */ = {
			isa = PBXResourcesBuildPhase;
			buildActionMask = 2147483647;
			files = (
				E6B7E3AA02F6634913983B5F /* Assets.xcassets in Resources */,
			);
			runOnlyForDeploymentPostprocessing = 0;
		};
/* End PBXResourcesBuildPhase section */

/* Begin PBXSourcesBuildPhase section */
		0E1ED565D5DC22992F8C58C6 /* Sources */ = {
			isa = PBXSourcesBuildPhase;
			buildActionMask = 2147483647;
			files = (
				B8470CA6FE4637D20A24E7C7 /* SpeechSpeaker.swift in Sources */,
				EB7F35DC010C7C555AEB5678 /* VoiceTranscriber.swift in Sources */,
			);
			runOnlyForDeploymentPostprocessing = 0;
		};
		7DBD12D8F85CB803F0B88832 /* Sources */ = {
			isa = PBXSourcesBuildPhase;
			buildActionMask = 2147483647;
			files = (
				AE68AC8E8BBAF746D67E293B /* ApprovalGate.swift in Sources */,
				AB0107A6103A1D1E1025248F /* AssistantQuickResponder.swift in Sources */,
				E5D4C2EA9B64859C668B549F /* AvailabilityService.swift in Sources */,
				9A0B37BBCA4909689C90021A /* BriefingService.swift in Sources */,
				84AEA1380C1CF02D6D664DCD /* ContextBudget.swift in Sources */,
				207F3FC85CA47CFF975A8A80 /* ConversationEngine.swift in Sources */,
				068FBED0FA1B869E91B62681 /* ConversationProfile.swift in Sources */,
				D25F63404309E37F507B4B31 /* MagicMomentService.swift in Sources */,
				647D53E4BD01F58B8E201F89 /* ModelRouter.swift in Sources */,
				31B6E1857C0F3650585A9D65 /* ModelTier.swift in Sources */,
				6A1D396D77C24026A646473A /* PersonaDraft.swift in Sources */,
				2083C569E482E4A3D79891F3 /* PersonaStore.swift in Sources */,
				F2C5E707DB607FE1D3A7C3AB /* PreferenceLearner.swift in Sources */,
				0147052B6A2B6307D2E46E3C /* PremiumStore.swift in Sources */,
				8D75D605B9A2E0B019BE1B9D /* ProactivityScheduler.swift in Sources */,
				D838541D987B697659A23991 /* RoutineSuggester.swift in Sources */,
			);
			runOnlyForDeploymentPostprocessing = 0;
		};
		80713462ACF3C5605CF96016 /* Sources */ = {
			isa = PBXSourcesBuildPhase;
			buildActionMask = 2147483647;
			files = (
				A465B467005DC70DD3AB1E83 /* AvailabilityUnavailableView.swift in Sources */,
				9105D5C94FD880081282F1A9 /* ChatView.swift in Sources */,
				6D16554E6D691EE4836332A6 /* ChatViewModel.swift in Sources */,
				FB8DEB8EFE4CC57FF248BAD0 /* ConfirmationCards.swift in Sources */,
				1F0977F7CABADF1503CB307A /* ContentView.swift in Sources */,
				68E69D0C3B0AB6298A23BDD3 /* LLMChatApp.swift in Sources */,
				BD6E3522B3BA497F45699E51 /* MemoryBrowserView.swift in Sources */,
				BD9DD2B9C72DC0747C09AF1A /* MessageBubble.swift in Sources */,
				21E007089BC1D5A3DA4CB997 /* OnboardingView.swift in Sources */,
				D7297EAB6F22A542FF0D2F9B /* OnboardingViewModel.swift in Sources */,
				FBF3055027EEFD4E4390816E /* PaywallView.swift in Sources */,
				9F78A3207C4784BE32E03995 /* PersonaView.swift in Sources */,
				6D790A2A283F244DE5616837 /* PreferenceChoiceCard.swift in Sources */,
				CABDF5FAB7596254A3D8872E /* ReminderConfirmationCard.swift in Sources */,
				5325CBC3088A6434301EE9B1 /* RoutingSettingsView.swift in Sources */,
				6C1035F8DF9950AD9FA98546 /* SkillsView.swift in Sources */,
				C751D6DB1CCC5EB896293D5D /* SuggestionInboxView.swift in Sources */,
			);
			runOnlyForDeploymentPostprocessing = 0;
		};
		8BD08ADDA40070D986340E2C /* Sources */ = {
			isa = PBXSourcesBuildPhase;
			buildActionMask = 2147483647;
			files = (
				F074B00845E84DBB9873F1CC /* AssistantIntents.swift in Sources */,
				6D9D9F266C37EF47D19D074B /* SkillCatalog.swift in Sources */,
				70179867A614F13D97C8B5C5 /* SkillIntents.swift in Sources */,
				8734057AA6211846201DB4BE /* SkillRunner.swift in Sources */,
				BBE4F2A3E0755DBDB8E507AF /* SkillSuggester.swift in Sources */,
			);
			runOnlyForDeploymentPostprocessing = 0;
		};
		9E3EE7A352D461FDAB055665 /* Sources */ = {
			isa = PBXSourcesBuildPhase;
			buildActionMask = 2147483647;
			files = (
				0141902E074D2DC824F67657 /* AssistantEvalSuite.swift in Sources */,
				656705E9D430DECABEB5324D /* EvalRunner.swift in Sources */,
				A7180EBA0C4CD5DD2D321524 /* EvalTypes.swift in Sources */,
			);
			runOnlyForDeploymentPostprocessing = 0;
		};
		AD38DD318CB53853F21971FF /* Sources */ = {
			isa = PBXSourcesBuildPhase;
			buildActionMask = 2147483647;
			files = (
				36724CF2CDCA624A1AF8268B /* CalendarTools.swift in Sources */,
				8872AD55B2F00B7271CE09E2 /* ContactsTool.swift in Sources */,
				AC4E94039E9F163CC1CF9704 /* CreateReminderTool.swift in Sources */,
				B1BAF201D8E40B29140E441A /* MapsTool.swift in Sources */,
				B620F3E244A077E38463C831 /* MemoryTools.swift in Sources */,
				06469BBEA5BEC789C6FE574D /* ToolRegistry.swift in Sources */,
				736888E62153B5473DB37509 /* ToolSelector.swift in Sources */,
				582482A3CAE06854E93B341D /* WebFetchTool.swift in Sources */,
			);
			runOnlyForDeploymentPostprocessing = 0;
		};
		EB2D2E918BB02EB922A5113E /* Sources */ = {
			isa = PBXSourcesBuildPhase;
			buildActionMask = 2147483647;
			files = (
				502296DFE1EFB0C770F755D0 /* DraftTypes.swift in Sources */,
				68801FE8D9F37525390F60B9 /* ImageProcessor.swift in Sources */,
				D1764EFBEEBCB96DA9E035C2 /* MemoryContainer.swift in Sources */,
				22735BFC8FC343E992968CA2 /* MemoryManager.swift in Sources */,
				FCC2192FF3E89F73326EC4B7 /* MemoryModels.swift in Sources */,
				A20AAB791E9BCBB94976A2F3 /* MemorySpotlight.swift in Sources */,
				DD4357A194A46C908ECE208C /* MemoryStore.swift in Sources */,
				6F1406D57BDCE04A682B8FD4 /* Models.swift in Sources */,
				89D0EB0ADF95E0F63074E826 /* ProactivityStore.swift in Sources */,
				8ED610934D81990B8E50D6F9 /* RoutingPolicy.swift in Sources */,
				4C0BC1F22CB3D50FEB7A6FA7 /* SkillStore.swift in Sources */,
				5B34EA4BCFD20955A0BFB316 /* UsageMetrics.swift in Sources */,
			);
			runOnlyForDeploymentPostprocessing = 0;
		};
/* End PBXSourcesBuildPhase section */

/* Begin PBXTargetDependency section */
		1CF9FBFCD262A7F2CD7F55C6 /* PBXTargetDependency */ = {
			isa = PBXTargetDependency;
			target = 9BC2B87EFE56D3209F14BB18 /* VoiceKit */;
			targetProxy = 6F3888BF8B12EA29EDC67B6B /* PBXContainerItemProxy */;
		};
		3E9367CD0997CF0E9D7854FD /* PBXTargetDependency */ = {
			isa = PBXTargetDependency;
			target = 2179B53E9FA6D4331157CBD6 /* MemoryKit */;
			targetProxy = 4188FF45080FB22B2ACC77D5 /* PBXContainerItemProxy */;
		};
		4268920A6B931DA6B6BB5CBF /* PBXTargetDependency */ = {
			isa = PBXTargetDependency;
			target = 2179B53E9FA6D4331157CBD6 /* MemoryKit */;
			targetProxy = 06D6E533A5AB3726F4B7553D /* PBXContainerItemProxy */;
		};
		6485C66ACA63BC03CAECE78A /* PBXTargetDependency */ = {
			isa = PBXTargetDependency;
			target = 2179B53E9FA6D4331157CBD6 /* MemoryKit */;
			targetProxy = C2ADF911EA72B87627A2613F /* PBXContainerItemProxy */;
		};
		8B76EA1ACF8BCBBB828EE107 /* PBXTargetDependency */ = {
			isa = PBXTargetDependency;
			target = 375CF86A9E13DB4FCF208DBE /* AgentKit */;
			targetProxy = F9A91901F9B79A46AF913B9E /* PBXContainerItemProxy */;
		};
		94BD375FBDD8369AEA66F56E /* PBXTargetDependency */ = {
			isa = PBXTargetDependency;
			target = 5671CD9E0F8E1F73276771EE /* ToolsKit */;
			targetProxy = 91DA1E9BFD32B1DA69E34AA5 /* PBXContainerItemProxy */;
		};
		95EDD184DCF0B1D1220AB0DA /* PBXTargetDependency */ = {
			isa = PBXTargetDependency;
			target = 375CF86A9E13DB4FCF208DBE /* AgentKit */;
			targetProxy = 03C724BD5F2D91095ED316BA /* PBXContainerItemProxy */;
		};
		A6D696F4BEE3B86B4675B608 /* PBXTargetDependency */ = {
			isa = PBXTargetDependency;
			target = 2179B53E9FA6D4331157CBD6 /* MemoryKit */;
			targetProxy = B50758FB288BF3507B720946 /* PBXContainerItemProxy */;
		};
		CD641A71B4F632ADBE4837D4 /* PBXTargetDependency */ = {
			isa = PBXTargetDependency;
			target = 375CF86A9E13DB4FCF208DBE /* AgentKit */;
			targetProxy = 16CCD7A7F8FEDD9025963CCD /* PBXContainerItemProxy */;
		};
		E0D4BD88940F4F69FA356EF5 /* PBXTargetDependency */ = {
			isa = PBXTargetDependency;
			target = EC0816367A4D7C6903E34194 /* SkillsKit */;
			targetProxy = 2AB88576A0A308690E0A77B2 /* PBXContainerItemProxy */;
		};
		F06B62FDE319B72A5FC5A4CF /* PBXTargetDependency */ = {
			isa = PBXTargetDependency;
			target = 2179B53E9FA6D4331157CBD6 /* MemoryKit */;
			targetProxy = 082BAA37B0DAB7CE3AAB10CA /* PBXContainerItemProxy */;
		};
		F5D6636F05E2051EF1482624 /* PBXTargetDependency */ = {
			isa = PBXTargetDependency;
			target = 5671CD9E0F8E1F73276771EE /* ToolsKit */;
			targetProxy = 58FCC2EB3BF9F25A0886DD95 /* PBXContainerItemProxy */;
		};
		FD85C9267C50B944C3F08D19 /* PBXTargetDependency */ = {
			isa = PBXTargetDependency;
			target = 8819D8716825E10E88A6CF6A /* EvalHarness */;
			targetProxy = 50CDFFB511D4CEE5D65D5878 /* PBXContainerItemProxy */;
		};
/* End PBXTargetDependency section */

/* Begin XCBuildConfiguration section */
		0EF379591354C35923C8B0A4 /* Release */ = {
			isa = XCBuildConfiguration;
			buildSettings = {
				ALWAYS_SEARCH_USER_PATHS = NO;
				CLANG_ANALYZER_NONNULL = YES;
				CLANG_ANALYZER_NUMBER_OBJECT_CONVERSION = YES_AGGRESSIVE;
				CLANG_CXX_LANGUAGE_STANDARD = "gnu++14";
				CLANG_CXX_LIBRARY = "libc++";
				CLANG_ENABLE_MODULES = YES;
				CLANG_ENABLE_OBJC_ARC = YES;
				CLANG_ENABLE_OBJC_WEAK = YES;
				CLANG_WARN_BLOCK_CAPTURE_AUTORELEASING = YES;
				CLANG_WARN_BOOL_CONVERSION = YES;
				CLANG_WARN_COMMA = YES;
				CLANG_WARN_CONSTANT_CONVERSION = YES;
				CLANG_WARN_DEPRECATED_OBJC_IMPLEMENTATIONS = YES;
				CLANG_WARN_DIRECT_OBJC_ISA_USAGE = YES_ERROR;
				CLANG_WARN_DOCUMENTATION_COMMENTS = YES;
				CLANG_WARN_EMPTY_BODY = YES;
				CLANG_WARN_ENUM_CONVERSION = YES;
				CLANG_WARN_INFINITE_RECURSION = YES;
				CLANG_WARN_INT_CONVERSION = YES;
				CLANG_WARN_NON_LITERAL_NULL_CONVERSION = YES;
				CLANG_WARN_OBJC_IMPLICIT_RETAIN_SELF = YES;
				CLANG_WARN_OBJC_LITERAL_CONVERSION = YES;
				CLANG_WARN_OBJC_ROOT_CLASS = YES_ERROR;
				CLANG_WARN_QUOTED_INCLUDE_IN_FRAMEWORK_HEADER = YES;
				CLANG_WARN_RANGE_LOOP_ANALYSIS = YES;
				CLANG_WARN_STRICT_PROTOTYPES = YES;
				CLANG_WARN_SUSPICIOUS_MOVE = YES;
				CLANG_WARN_UNGUARDED_AVAILABILITY = YES_AGGRESSIVE;
				CLANG_WARN_UNREACHABLE_CODE = YES;
				CLANG_WARN__DUPLICATE_METHOD_MATCH = YES;
				COPY_PHASE_STRIP = NO;
				CURRENT_PROJECT_VERSION = 1;
				DEBUG_INFORMATION_FORMAT = "dwarf-with-dsym";
				DEVELOPMENT_TEAM = "${DEVELOPMENT_TEAM}";
				ENABLE_NS_ASSERTIONS = NO;
				ENABLE_STRICT_OBJC_MSGSEND = YES;
				GCC_C_LANGUAGE_STANDARD = gnu11;
				GCC_NO_COMMON_BLOCKS = YES;
				GCC_WARN_64_TO_32_BIT_CONVERSION = YES;
				GCC_WARN_ABOUT_RETURN_TYPE = YES_ERROR;
				GCC_WARN_UNDECLARED_SELECTOR = YES;
				GCC_WARN_UNINITIALIZED_AUTOS = YES_AGGRESSIVE;
				GCC_WARN_UNUSED_FUNCTION = YES;
				GCC_WARN_UNUSED_VARIABLE = YES;
				IPHONEOS_DEPLOYMENT_TARGET = 26.0;
				MARKETING_VERSION = 1.0.0;
				MTL_ENABLE_DEBUG_INFO = NO;
				MTL_FAST_MATH = YES;
				PRODUCT_NAME = "$(TARGET_NAME)";
				SDKROOT = iphoneos;
				SWIFT_COMPILATION_MODE = wholemodule;
				SWIFT_OPTIMIZATION_LEVEL = "-O";
				SWIFT_VERSION = 6.0;
			};
			name = Release;
		};
		6580A0329AE79C6FED93810C /* Debug */ = {
			isa = XCBuildConfiguration;
			buildSettings = {
				ALWAYS_SEARCH_USER_PATHS = NO;
				CLANG_ANALYZER_NONNULL = YES;
				CLANG_ANALYZER_NUMBER_OBJECT_CONVERSION = YES_AGGRESSIVE;
				CLANG_CXX_LANGUAGE_STANDARD = "gnu++14";
				CLANG_CXX_LIBRARY = "libc++";
				CLANG_ENABLE_MODULES = YES;
				CLANG_ENABLE_OBJC_ARC = YES;
				CLANG_ENABLE_OBJC_WEAK = YES;
				CLANG_WARN_BLOCK_CAPTURE_AUTORELEASING = YES;
				CLANG_WARN_BOOL_CONVERSION = YES;
				CLANG_WARN_COMMA = YES;
				CLANG_WARN_CONSTANT_CONVERSION = YES;
				CLANG_WARN_DEPRECATED_OBJC_IMPLEMENTATIONS = YES;
				CLANG_WARN_DIRECT_OBJC_ISA_USAGE = YES_ERROR;
				CLANG_WARN_DOCUMENTATION_COMMENTS = YES;
				CLANG_WARN_EMPTY_BODY = YES;
				CLANG_WARN_ENUM_CONVERSION = YES;
				CLANG_WARN_INFINITE_RECURSION = YES;
				CLANG_WARN_INT_CONVERSION = YES;
				CLANG_WARN_NON_LITERAL_NULL_CONVERSION = YES;
				CLANG_WARN_OBJC_IMPLICIT_RETAIN_SELF = YES;
				CLANG_WARN_OBJC_LITERAL_CONVERSION = YES;
				CLANG_WARN_OBJC_ROOT_CLASS = YES_ERROR;
				CLANG_WARN_QUOTED_INCLUDE_IN_FRAMEWORK_HEADER = YES;
				CLANG_WARN_RANGE_LOOP_ANALYSIS = YES;
				CLANG_WARN_STRICT_PROTOTYPES = YES;
				CLANG_WARN_SUSPICIOUS_MOVE = YES;
				CLANG_WARN_UNGUARDED_AVAILABILITY = YES_AGGRESSIVE;
				CLANG_WARN_UNREACHABLE_CODE = YES;
				CLANG_WARN__DUPLICATE_METHOD_MATCH = YES;
				COPY_PHASE_STRIP = NO;
				CURRENT_PROJECT_VERSION = 1;
				DEBUG_INFORMATION_FORMAT = dwarf;
				DEVELOPMENT_TEAM = "${DEVELOPMENT_TEAM}";
				ENABLE_STRICT_OBJC_MSGSEND = YES;
				ENABLE_TESTABILITY = YES;
				GCC_C_LANGUAGE_STANDARD = gnu11;
				GCC_DYNAMIC_NO_PIC = NO;
				GCC_NO_COMMON_BLOCKS = YES;
				GCC_OPTIMIZATION_LEVEL = 0;
				GCC_PREPROCESSOR_DEFINITIONS = (
					"$(inherited)",
					"DEBUG=1",
				);
				GCC_WARN_64_TO_32_BIT_CONVERSION = YES;
				GCC_WARN_ABOUT_RETURN_TYPE = YES_ERROR;
				GCC_WARN_UNDECLARED_SELECTOR = YES;
				GCC_WARN_UNINITIALIZED_AUTOS = YES_AGGRESSIVE;
				GCC_WARN_UNUSED_FUNCTION = YES;
				GCC_WARN_UNUSED_VARIABLE = YES;
				IPHONEOS_DEPLOYMENT_TARGET = 26.0;
				MARKETING_VERSION = 1.0.0;
				MTL_ENABLE_DEBUG_INFO = INCLUDE_SOURCE;
				MTL_FAST_MATH = YES;
				ONLY_ACTIVE_ARCH = YES;
				PRODUCT_NAME = "$(TARGET_NAME)";
				SDKROOT = iphoneos;
				SWIFT_ACTIVE_COMPILATION_CONDITIONS = DEBUG;
				SWIFT_OPTIMIZATION_LEVEL = "-Onone";
				SWIFT_VERSION = 6.0;
			};
			name = Debug;
		};
		6C2D03F5F63A42B8E15D8AEF /* Release */ = {
			isa = XCBuildConfiguration;
			buildSettings = {
				CODE_SIGN_IDENTITY = "";
				CURRENT_PROJECT_VERSION = 1;
				DEFINES_MODULE = YES;
				DYLIB_COMPATIBILITY_VERSION = 1;
				DYLIB_CURRENT_VERSION = 1;
				DYLIB_INSTALL_NAME_BASE = "@rpath";
				GENERATE_INFOPLIST_FILE = YES;
				INSTALL_PATH = "$(LOCAL_LIBRARY_DIR)/Frameworks";
				IPHONEOS_DEPLOYMENT_TARGET = 26.0;
				LD_RUNPATH_SEARCH_PATHS = (
					"$(inherited)",
					"@executable_path/Frameworks",
				);
				PRODUCT_BUNDLE_IDENTIFIER = com.charlesamaya.llmchat.SkillsKit;
				SDKROOT = iphoneos;
				SKIP_INSTALL = YES;
				TARGETED_DEVICE_FAMILY = "1,2";
				VERSIONING_SYSTEM = "apple-generic";
			};
			name = Release;
		};
		75635FF8FEDC6B1202830955 /* Release */ = {
			isa = XCBuildConfiguration;
			buildSettings = {
				CODE_SIGN_IDENTITY = "";
				CURRENT_PROJECT_VERSION = 1;
				DEFINES_MODULE = YES;
				DYLIB_COMPATIBILITY_VERSION = 1;
				DYLIB_CURRENT_VERSION = 1;
				DYLIB_INSTALL_NAME_BASE = "@rpath";
				GENERATE_INFOPLIST_FILE = YES;
				INSTALL_PATH = "$(LOCAL_LIBRARY_DIR)/Frameworks";
				IPHONEOS_DEPLOYMENT_TARGET = 26.0;
				LD_RUNPATH_SEARCH_PATHS = (
					"$(inherited)",
					"@executable_path/Frameworks",
				);
				PRODUCT_BUNDLE_IDENTIFIER = com.charlesamaya.llmchat.AgentKit;
				SDKROOT = iphoneos;
				SKIP_INSTALL = YES;
				TARGETED_DEVICE_FAMILY = "1,2";
				VERSIONING_SYSTEM = "apple-generic";
			};
			name = Release;
		};
		86F5C5388C4C82B70E278295 /* Debug */ = {
			isa = XCBuildConfiguration;
			buildSettings = {
				CODE_SIGN_IDENTITY = "";
				CURRENT_PROJECT_VERSION = 1;
				DEFINES_MODULE = YES;
				DYLIB_COMPATIBILITY_VERSION = 1;
				DYLIB_CURRENT_VERSION = 1;
				DYLIB_INSTALL_NAME_BASE = "@rpath";
				GENERATE_INFOPLIST_FILE = YES;
				INSTALL_PATH = "$(LOCAL_LIBRARY_DIR)/Frameworks";
				IPHONEOS_DEPLOYMENT_TARGET = 26.0;
				LD_RUNPATH_SEARCH_PATHS = (
					"$(inherited)",
					"@executable_path/Frameworks",
				);
				PRODUCT_BUNDLE_IDENTIFIER = com.charlesamaya.llmchat.VoiceKit;
				SDKROOT = iphoneos;
				SKIP_INSTALL = YES;
				TARGETED_DEVICE_FAMILY = "1,2";
				VERSIONING_SYSTEM = "apple-generic";
			};
			name = Debug;
		};
		9508A542AF37C90C19EF10D4 /* Debug */ = {
			isa = XCBuildConfiguration;
			buildSettings = {
				CODE_SIGN_IDENTITY = "";
				CURRENT_PROJECT_VERSION = 1;
				DEFINES_MODULE = YES;
				DYLIB_COMPATIBILITY_VERSION = 1;
				DYLIB_CURRENT_VERSION = 1;
				DYLIB_INSTALL_NAME_BASE = "@rpath";
				GENERATE_INFOPLIST_FILE = YES;
				INSTALL_PATH = "$(LOCAL_LIBRARY_DIR)/Frameworks";
				IPHONEOS_DEPLOYMENT_TARGET = 26.0;
				LD_RUNPATH_SEARCH_PATHS = (
					"$(inherited)",
					"@executable_path/Frameworks",
				);
				PRODUCT_BUNDLE_IDENTIFIER = com.charlesamaya.llmchat.EvalHarness;
				SDKROOT = iphoneos;
				SKIP_INSTALL = YES;
				TARGETED_DEVICE_FAMILY = "1,2";
				VERSIONING_SYSTEM = "apple-generic";
			};
			name = Debug;
		};
		95942D0473C59A8850265F1E /* Debug */ = {
			isa = XCBuildConfiguration;
			buildSettings = {
				ASSETCATALOG_COMPILER_APPICON_NAME = AppIcon;
				CODE_SIGN_ENTITLEMENTS = LLMChat.entitlements;
				CODE_SIGN_IDENTITY = "iPhone Developer";
				CODE_SIGN_STYLE = Automatic;
				INFOPLIST_FILE = Resources/Info.plist;
				IPHONEOS_DEPLOYMENT_TARGET = 26.0;
				LD_RUNPATH_SEARCH_PATHS = (
					"$(inherited)",
					"@executable_path/Frameworks",
				);
				PRODUCT_BUNDLE_IDENTIFIER = com.charlesamaya.llmchat;
				PRODUCT_NAME = Claw;
				SDKROOT = iphoneos;
				TARGETED_DEVICE_FAMILY = "1,2";
			};
			name = Debug;
		};
		C30532250CA220FE02F1C3BC /* Debug */ = {
			isa = XCBuildConfiguration;
			buildSettings = {
				CODE_SIGN_IDENTITY = "";
				CURRENT_PROJECT_VERSION = 1;
				DEFINES_MODULE = YES;
				DYLIB_COMPATIBILITY_VERSION = 1;
				DYLIB_CURRENT_VERSION = 1;
				DYLIB_INSTALL_NAME_BASE = "@rpath";
				GENERATE_INFOPLIST_FILE = YES;
				INSTALL_PATH = "$(LOCAL_LIBRARY_DIR)/Frameworks";
				IPHONEOS_DEPLOYMENT_TARGET = 26.0;
				LD_RUNPATH_SEARCH_PATHS = (
					"$(inherited)",
					"@executable_path/Frameworks",
				);
				PRODUCT_BUNDLE_IDENTIFIER = com.charlesamaya.llmchat.AgentKit;
				SDKROOT = iphoneos;
				SKIP_INSTALL = YES;
				TARGETED_DEVICE_FAMILY = "1,2";
				VERSIONING_SYSTEM = "apple-generic";
			};
			name = Debug;
		};
		C94418651EFCBA5BCF4B4F0A /* Debug */ = {
			isa = XCBuildConfiguration;
			buildSettings = {
				CODE_SIGN_IDENTITY = "";
				CURRENT_PROJECT_VERSION = 1;
				DEFINES_MODULE = YES;
				DYLIB_COMPATIBILITY_VERSION = 1;
				DYLIB_CURRENT_VERSION = 1;
				DYLIB_INSTALL_NAME_BASE = "@rpath";
				GENERATE_INFOPLIST_FILE = YES;
				INSTALL_PATH = "$(LOCAL_LIBRARY_DIR)/Frameworks";
				IPHONEOS_DEPLOYMENT_TARGET = 26.0;
				LD_RUNPATH_SEARCH_PATHS = (
					"$(inherited)",
					"@executable_path/Frameworks",
				);
				PRODUCT_BUNDLE_IDENTIFIER = com.charlesamaya.llmchat.SkillsKit;
				SDKROOT = iphoneos;
				SKIP_INSTALL = YES;
				TARGETED_DEVICE_FAMILY = "1,2";
				VERSIONING_SYSTEM = "apple-generic";
			};
			name = Debug;
		};
		D4015287CAD63C5C9650C3FB /* Debug */ = {
			isa = XCBuildConfiguration;
			buildSettings = {
				CODE_SIGN_IDENTITY = "";
				CURRENT_PROJECT_VERSION = 1;
				DEFINES_MODULE = YES;
				DYLIB_COMPATIBILITY_VERSION = 1;
				DYLIB_CURRENT_VERSION = 1;
				DYLIB_INSTALL_NAME_BASE = "@rpath";
				GENERATE_INFOPLIST_FILE = YES;
				INSTALL_PATH = "$(LOCAL_LIBRARY_DIR)/Frameworks";
				IPHONEOS_DEPLOYMENT_TARGET = 26.0;
				LD_RUNPATH_SEARCH_PATHS = (
					"$(inherited)",
					"@executable_path/Frameworks",
				);
				PRODUCT_BUNDLE_IDENTIFIER = com.charlesamaya.llmchat.MemoryKit;
				SDKROOT = iphoneos;
				SKIP_INSTALL = YES;
				TARGETED_DEVICE_FAMILY = "1,2";
				VERSIONING_SYSTEM = "apple-generic";
			};
			name = Debug;
		};
		DF95AACB5C76EC10027223D6 /* Debug */ = {
			isa = XCBuildConfiguration;
			buildSettings = {
				CODE_SIGN_IDENTITY = "";
				CURRENT_PROJECT_VERSION = 1;
				DEFINES_MODULE = YES;
				DYLIB_COMPATIBILITY_VERSION = 1;
				DYLIB_CURRENT_VERSION = 1;
				DYLIB_INSTALL_NAME_BASE = "@rpath";
				GENERATE_INFOPLIST_FILE = YES;
				INSTALL_PATH = "$(LOCAL_LIBRARY_DIR)/Frameworks";
				IPHONEOS_DEPLOYMENT_TARGET = 26.0;
				LD_RUNPATH_SEARCH_PATHS = (
					"$(inherited)",
					"@executable_path/Frameworks",
				);
				PRODUCT_BUNDLE_IDENTIFIER = com.charlesamaya.llmchat.ToolsKit;
				SDKROOT = iphoneos;
				SKIP_INSTALL = YES;
				TARGETED_DEVICE_FAMILY = "1,2";
				VERSIONING_SYSTEM = "apple-generic";
			};
			name = Debug;
		};
		E1A1420AD6D11AD838CE958C /* Release */ = {
			isa = XCBuildConfiguration;
			buildSettings = {
				CODE_SIGN_IDENTITY = "";
				CURRENT_PROJECT_VERSION = 1;
				DEFINES_MODULE = YES;
				DYLIB_COMPATIBILITY_VERSION = 1;
				DYLIB_CURRENT_VERSION = 1;
				DYLIB_INSTALL_NAME_BASE = "@rpath";
				GENERATE_INFOPLIST_FILE = YES;
				INSTALL_PATH = "$(LOCAL_LIBRARY_DIR)/Frameworks";
				IPHONEOS_DEPLOYMENT_TARGET = 26.0;
				LD_RUNPATH_SEARCH_PATHS = (
					"$(inherited)",
					"@executable_path/Frameworks",
				);
				PRODUCT_BUNDLE_IDENTIFIER = com.charlesamaya.llmchat.VoiceKit;
				SDKROOT = iphoneos;
				SKIP_INSTALL = YES;
				TARGETED_DEVICE_FAMILY = "1,2";
				VERSIONING_SYSTEM = "apple-generic";
			};
			name = Release;
		};
		EC24C821320F3A74D7B58553 /* Release */ = {
			isa = XCBuildConfiguration;
			buildSettings = {
				CODE_SIGN_IDENTITY = "";
				CURRENT_PROJECT_VERSION = 1;
				DEFINES_MODULE = YES;
				DYLIB_COMPATIBILITY_VERSION = 1;
				DYLIB_CURRENT_VERSION = 1;
				DYLIB_INSTALL_NAME_BASE = "@rpath";
				GENERATE_INFOPLIST_FILE = YES;
				INSTALL_PATH = "$(LOCAL_LIBRARY_DIR)/Frameworks";
				IPHONEOS_DEPLOYMENT_TARGET = 26.0;
				LD_RUNPATH_SEARCH_PATHS = (
					"$(inherited)",
					"@executable_path/Frameworks",
				);
				PRODUCT_BUNDLE_IDENTIFIER = com.charlesamaya.llmchat.MemoryKit;
				SDKROOT = iphoneos;
				SKIP_INSTALL = YES;
				TARGETED_DEVICE_FAMILY = "1,2";
				VERSIONING_SYSTEM = "apple-generic";
			};
			name = Release;
		};
		ED9E20FD0CA364A5E8374DF0 /* Release */ = {
			isa = XCBuildConfiguration;
			buildSettings = {
				CODE_SIGN_IDENTITY = "";
				CURRENT_PROJECT_VERSION = 1;
				DEFINES_MODULE = YES;
				DYLIB_COMPATIBILITY_VERSION = 1;
				DYLIB_CURRENT_VERSION = 1;
				DYLIB_INSTALL_NAME_BASE = "@rpath";
				GENERATE_INFOPLIST_FILE = YES;
				INSTALL_PATH = "$(LOCAL_LIBRARY_DIR)/Frameworks";
				IPHONEOS_DEPLOYMENT_TARGET = 26.0;
				LD_RUNPATH_SEARCH_PATHS = (
					"$(inherited)",
					"@executable_path/Frameworks",
				);
				PRODUCT_BUNDLE_IDENTIFIER = com.charlesamaya.llmchat.ToolsKit;
				SDKROOT = iphoneos;
				SKIP_INSTALL = YES;
				TARGETED_DEVICE_FAMILY = "1,2";
				VERSIONING_SYSTEM = "apple-generic";
			};
			name = Release;
		};
		F0EF4107B831E43507569F57 /* Release */ = {
			isa = XCBuildConfiguration;
			buildSettings = {
				ASSETCATALOG_COMPILER_APPICON_NAME = AppIcon;
				CODE_SIGN_ENTITLEMENTS = LLMChat.entitlements;
				CODE_SIGN_IDENTITY = "iPhone Developer";
				CODE_SIGN_STYLE = Automatic;
				INFOPLIST_FILE = Resources/Info.plist;
				IPHONEOS_DEPLOYMENT_TARGET = 26.0;
				LD_RUNPATH_SEARCH_PATHS = (
					"$(inherited)",
					"@executable_path/Frameworks",
				);
				PRODUCT_BUNDLE_IDENTIFIER = com.charlesamaya.llmchat;
				PRODUCT_NAME = Claw;
				SDKROOT = iphoneos;
				TARGETED_DEVICE_FAMILY = "1,2";
			};
			name = Release;
		};
		F7E8A73EAA3CAB6A26F5B4DA /* Release */ = {
			isa = XCBuildConfiguration;
			buildSettings = {
				CODE_SIGN_IDENTITY = "";
				CURRENT_PROJECT_VERSION = 1;
				DEFINES_MODULE = YES;
				DYLIB_COMPATIBILITY_VERSION = 1;
				DYLIB_CURRENT_VERSION = 1;
				DYLIB_INSTALL_NAME_BASE = "@rpath";
				GENERATE_INFOPLIST_FILE = YES;
				INSTALL_PATH = "$(LOCAL_LIBRARY_DIR)/Frameworks";
				IPHONEOS_DEPLOYMENT_TARGET = 26.0;
				LD_RUNPATH_SEARCH_PATHS = (
					"$(inherited)",
					"@executable_path/Frameworks",
				);
				PRODUCT_BUNDLE_IDENTIFIER = com.charlesamaya.llmchat.EvalHarness;
				SDKROOT = iphoneos;
				SKIP_INSTALL = YES;
				TARGETED_DEVICE_FAMILY = "1,2";
				VERSIONING_SYSTEM = "apple-generic";
			};
			name = Release;
		};
/* End XCBuildConfiguration section */

/* Begin XCConfigurationList section */
		05704C0E86AFAB2DA0C95609 /* Build configuration list for PBXNativeTarget "MemoryKit" */ = {
			isa = XCConfigurationList;
			buildConfigurations = (
				D4015287CAD63C5C9650C3FB /* Debug */,
				EC24C821320F3A74D7B58553 /* Release */,
			);
			defaultConfigurationIsVisible = 0;
			defaultConfigurationName = Debug;
		};
		0A9E11127DF68B85068526DC /* Build configuration list for PBXNativeTarget "AgentKit" */ = {
			isa = XCConfigurationList;
			buildConfigurations = (
				C30532250CA220FE02F1C3BC /* Debug */,
				75635FF8FEDC6B1202830955 /* Release */,
			);
			defaultConfigurationIsVisible = 0;
			defaultConfigurationName = Debug;
		};
		0B3685EFB877C6E41F7B5645 /* Build configuration list for PBXNativeTarget "SkillsKit" */ = {
			isa = XCConfigurationList;
			buildConfigurations = (
				C94418651EFCBA5BCF4B4F0A /* Debug */,
				6C2D03F5F63A42B8E15D8AEF /* Release */,
			);
			defaultConfigurationIsVisible = 0;
			defaultConfigurationName = Debug;
		};
		1265B8EF12635B8BA854F0E3 /* Build configuration list for PBXNativeTarget "VoiceKit" */ = {
			isa = XCConfigurationList;
			buildConfigurations = (
				86F5C5388C4C82B70E278295 /* Debug */,
				E1A1420AD6D11AD838CE958C /* Release */,
			);
			defaultConfigurationIsVisible = 0;
			defaultConfigurationName = Debug;
		};
		1CDFDED1EFBF0A7871F51684 /* Build configuration list for PBXNativeTarget "LLMChat" */ = {
			isa = XCConfigurationList;
			buildConfigurations = (
				95942D0473C59A8850265F1E /* Debug */,
				F0EF4107B831E43507569F57 /* Release */,
			);
			defaultConfigurationIsVisible = 0;
			defaultConfigurationName = Debug;
		};
		3156209051C2488E7972EE8D /* Build configuration list for PBXNativeTarget "ToolsKit" */ = {
			isa = XCConfigurationList;
			buildConfigurations = (
				DF95AACB5C76EC10027223D6 /* Debug */,
				ED9E20FD0CA364A5E8374DF0 /* Release */,
			);
			defaultConfigurationIsVisible = 0;
			defaultConfigurationName = Debug;
		};
		7983251CF0EC4F3C741CBFDD /* Build configuration list for PBXProject "LLMChat" */ = {
			isa = XCConfigurationList;
			buildConfigurations = (
				6580A0329AE79C6FED93810C /* Debug */,
				0EF379591354C35923C8B0A4 /* Release */,
			);
			defaultConfigurationIsVisible = 0;
			defaultConfigurationName = Debug;
		};
		BD1BE1CC0FF9D5CAA7CF3ACA /* Build configuration list for PBXNativeTarget "EvalHarness" */ = {
			isa = XCConfigurationList;
			buildConfigurations = (
				9508A542AF37C90C19EF10D4 /* Debug */,
				F7E8A73EAA3CAB6A26F5B4DA /* Release */,
			);
			defaultConfigurationIsVisible = 0;
			defaultConfigurationName = Debug;
		};
/* End XCConfigurationList section */
	};
	rootObject = 25EC2103F037B0ED125C44B7 /* Project object */;
}
